
Microsoft Visual Studio Solution File, Format Version 12.00
# Visual Studio Version 16
VisualStudioVersion = 16.0.32002.261
MinimumVisualStudioVersion = 10.0.40219.1
Project("{8BC9CEB8-8B4A-11D0-8D11-00A0C91BC942}") = "Fixer", "source\Fixer.vcxproj", "{D5B13170-B2CD-4444-B5BE-6984FDA8524C}"
EndProject
Global
	GlobalSection(SolutionConfigurationPlatforms) = preSolution
		Debug|x86 = Debug|x86
		Release|x86 = Release|x86
	EndGlobalSection
	GlobalSection(ProjectConfigurationPlatforms) = postSolution
		{D5B13170-B2CD-4444-B5BE-6984FDA8524C}.Debug|x86.ActiveCfg = Debug|Win32
		{D5B13170-B2CD-4444-B5BE-6984FDA8524C}.Debug|x86.Build.0 = Debug|Win32
		{D5B13170-B2CD-4444-B5BE-6984FDA8524C}.Release|x86.ActiveCfg = Release|Win32
		{D5B13170-B2CD-4444-B5BE-6984FDA8524C}.Release|x86.Build.0 = Release|Win32
	EndGlobalSection
	GlobalSection(SolutionProperties) = preSolution
		HideSolutionNode = FALSE
	EndGlobalSection
	GlobalSection(ExtensibilityGlobals) = postSolution
		SolutionGuid = {6100C807-EBEA-467F-A605-E89828FDAEA7}
	EndGlobalSection
EndGlobal
